
Microsoft Visual Studio Solution File, Format Version 12.00
# Visual Studio 2012
Project("{FAE04EC0-301F-11D3-BF4B-00C04F79EFBC}") = "ProtoBuild", "ProtoBuild\ProtoBuild.csproj", "{4E60E74E-201F-4F10-BEBB-60AE83192F44}"
EndProject
Project("{FAE04EC0-301F-11D3-BF4B-00C04F79EFBC}") = "BuildTest", "BuildTest\BuildTest.csproj", "{2BDE3F2C-67B9-46FD-B768-8C87D8278C71}"
EndProject
Project("{FAE04EC0-301F-11D3-BF4B-00C04F79EFBC}") = "ProtoBuildUX", "ProtoBuildUX\ProtoBuildUX.csproj", "{ED784E2A-8E03-416B-9BB3-39A9A66D652B}"
EndProject
Global
	GlobalSection(SolutionConfigurationPlatforms) = preSolution
		Debug|Any CPU = Debug|Any CPU
		Release|Any CPU = Release|Any CPU
	EndGlobalSection
	GlobalSection(ProjectConfigurationPlatforms) = postSolution
		{4E60E74E-201F-4F10-BEBB-60AE83192F44}.Debug|Any CPU.ActiveCfg = Debug|Any CPU
		{4E60E74E-201F-4F10-BEBB-60AE83192F44}.Debug|Any CPU.Build.0 = Debug|Any CPU
		{4E60E74E-201F-4F10-BEBB-60AE83192F44}.Release|Any CPU.ActiveCfg = Release|Any CPU
		{4E60E74E-201F-4F10-BEBB-60AE83192F44}.Release|Any CPU.Build.0 = Release|Any CPU
		{2BDE3F2C-67B9-46FD-B768-8C87D8278C71}.Debug|Any CPU.ActiveCfg = Debug|Any CPU
		{2BDE3F2C-67B9-46FD-B768-8C87D8278C71}.Debug|Any CPU.Build.0 = Debug|Any CPU
		{2BDE3F2C-67B9-46FD-B768-8C87D8278C71}.Release|Any CPU.ActiveCfg = Release|Any CPU
		{2BDE3F2C-67B9-46FD-B768-8C87D8278C71}.Release|Any CPU.Build.0 = Release|Any CPU
		{ED784E2A-8E03-416B-9BB3-39A9A66D652B}.Debug|Any CPU.ActiveCfg = Debug|Any CPU
		{ED784E2A-8E03-416B-9BB3-39A9A66D652B}.Debug|Any CPU.Build.0 = Debug|Any CPU
		{ED784E2A-8E03-416B-9BB3-39A9A66D652B}.Release|Any CPU.ActiveCfg = Release|Any CPU
		{ED784E2A-8E03-416B-9BB3-39A9A66D652B}.Release|Any CPU.Build.0 = Release|Any CPU
	EndGlobalSection
	GlobalSection(SolutionProperties) = preSolution
		HideSolutionNode = FALSE
	EndGlobalSection
EndGlobal
